
Microsoft Visual Studio Solution File, Format Version 12.00
# Visual Studio Version 17
VisualStudioVersion = 17.0.31903.59
MinimumVisualStudioVersion = 10.0.40219.1
Project("{2150E333-8FDC-42A3-9474-1A3956D46DE8}") = "src", "src", "{827E0CD3-B72D-47B6-A68D-7590B98EB39B}"
EndProject
Project("{FAE04EC0-301F-11D3-BF4B-00C04F79EFBC}") = "FCG.Api", "src\FCG.Api\FCG.Api.csproj", "{90DACE61-9CED-4089-B0F4-1687FDE9178F}"
EndProject
Project("{FAE04EC0-301F-11D3-BF4B-00C04F79EFBC}") = "FCG.Application", "src\FCG.Application\FCG.Application.csproj", "{BF854D85-7569-4139-8B92-27D654BF056B}"
EndProject
Project("{FAE04EC0-301F-11D3-BF4B-00C04F79EFBC}") = "FCG.Domain", "src\FCG.Domain\FCG.Domain.csproj", "{079B2B22-A439-4923-A92B-52924C8CBC7D}"
EndProject
Project("{FAE04EC0-301F-11D3-BF4B-00C04F79EFBC}") = "FCG.Infrastructure", "src\FCG.Infrastructure\FCG.Infrastructure.csproj", "{3159AFE4-A291-416A-9965-2D1CB3A025DD}"
EndProject
Project("{2150E333-8FDC-42A3-9474-1A3956D46DE8}") = "tests", "tests", "{0AB3BF05-4346-4AA6-1389-037BE0695223}"
EndProject
Project("{FAE04EC0-301F-11D3-BF4B-00C04F79EFBC}") = "FCG.Tests", "tests\FCG.Tests\FCG.Tests.csproj", "{2C182166-22A7-44FF-9FAF-D9C2E14A7C9D}"
EndProject
Global
	GlobalSection(SolutionConfigurationPlatforms) = preSolution
		Debug|Any CPU = Debug|Any CPU
		Debug|x64 = Debug|x64
		Debug|x86 = Debug|x86
		Release|Any CPU = Release|Any CPU
		Release|x64 = Release|x64
		Release|x86 = Release|x86
	EndGlobalSection
	GlobalSection(ProjectConfigurationPlatforms) = postSolution
		{90DACE61-9CED-4089-B0F4-1687FDE9178F}.Debug|Any CPU.ActiveCfg = Debug|Any CPU
		{90DACE61-9CED-4089-B0F4-1687FDE9178F}.Debug|Any CPU.Build.0 = Debug|Any CPU
		{90DACE61-9CED-4089-B0F4-1687FDE9178F}.Debug|x64.ActiveCfg = Debug|Any CPU
		{90DACE61-9CED-4089-B0F4-1687FDE9178F}.Debug|x64.Build.0 = Debug|Any CPU
		{90DACE61-9CED-4089-B0F4-1687FDE9178F}.Debug|x86.ActiveCfg = Debug|Any CPU
		{90DACE61-9CED-4089-B0F4-1687FDE9178F}.Debug|x86.Build.0 = Debug|Any CPU
		{90DACE61-9CED-4089-B0F4-1687FDE9178F}.Release|Any CPU.ActiveCfg = Release|Any CPU
		{90DACE61-9CED-4089-B0F4-1687FDE9178F}.Release|Any CPU.Build.0 = Release|Any CPU
		{90DACE61-9CED-4089-B0F4-1687FDE9178F}.Release|x64.ActiveCfg = Release|Any CPU
		{90DACE61-9CED-4089-B0F4-1687FDE9178F}.Release|x64.Build.0 = Release|Any CPU
		{90DACE61-9CED-4089-B0F4-1687FDE9178F}.Release|x86.ActiveCfg = Release|Any CPU
		{90DACE61-9CED-4089-B0F4-1687FDE9178F}.Release|x86.Build.0 = Release|Any CPU
		{BF854D85-7569-4139-8B92-27D654BF056B}.Debug|Any CPU.ActiveCfg = Debug|Any CPU
		{BF854D85-7569-4139-8B92-27D654BF056B}.Debug|Any CPU.Build.0 = Debug|Any CPU
		{BF854D85-7569-4139-8B92-27D654BF056B}.Debug|x64.ActiveCfg = Debug|Any CPU
		{BF854D85-7569-4139-8B92-27D654BF056B}.Debug|x64.Build.0 = Debug|Any CPU
		{BF854D85-7569-4139-8B92-27D654BF056B}.Debug|x86.ActiveCfg = Debug|Any CPU
		{BF854D85-7569-4139-8B92-27D654BF056B}.Debug|x86.Build.0 = Debug|Any CPU
		{BF854D85-7569-4139-8B92-27D654BF056B}.Release|Any CPU.ActiveCfg = Release|Any CPU
		{BF854D85-7569-4139-8B92-27D654BF056B}.Release|Any CPU.Build.0 = Release|Any CPU
		{BF854D85-7569-4139-8B92-27D654BF056B}.Release|x64.ActiveCfg = Release|Any CPU
		{BF854D85-7569-4139-8B92-27D654BF056B}.Release|x64.Build.0 = Release|Any CPU
		{BF854D85-7569-4139-8B92-27D654BF056B}.Release|x86.ActiveCfg = Release|Any CPU
		{BF854D85-7569-4139-8B92-27D654BF056B}.Release|x86.Build.0 = Release|Any CPU
		{079B2B22-A439-4923-A92B-52924C8CBC7D}.Debug|Any CPU.ActiveCfg = Debug|Any CPU
		{079B2B22-A439-4923-A92B-52924C8CBC7D}.Debug|Any CPU.Build.0 = Debug|Any CPU
		{079B2B22-A439-4923-A92B-52924C8CBC7D}.Debug|x64.ActiveCfg = Debug|Any CPU
		{079B2B22-A439-4923-A92B-52924C8CBC7D}.Debug|x64.Build.0 = Debug|Any CPU
		{079B2B22-A439-4923-A92B-52924C8CBC7D}.Debug|x86.ActiveCfg = Debug|Any CPU
		{079B2B22-A439-4923-A92B-52924C8CBC7D}.Debug|x86.Build.0 = Debug|Any CPU
		{079B2B22-A439-4923-A92B-52924C8CBC7D}.Release|Any CPU.ActiveCfg = Release|Any CPU
		{079B2B22-A439-4923-A92B-52924C8CBC7D}.Release|Any CPU.Build.0 = Release|Any CPU
		{079B2B22-A439-4923-A92B-52924C8CBC7D}.Release|x64.ActiveCfg = Release|Any CPU
		{079B2B22-A439-4923-A92B-52924C8CBC7D}.Release|x64.Build.0 = Release|Any CPU
		{079B2B22-A439-4923-A92B-52924C8CBC7D}.Release|x86.ActiveCfg = Release|Any CPU
		{079B2B22-A439-4923-A92B-52924C8CBC7D}.Release|x86.Build.0 = Release|Any CPU
		{3159AFE4-A291-416A-9965-2D1CB3A025DD}.Debug|Any CPU.ActiveCfg = Debug|Any CPU
		{3159AFE4-A291-416A-9965-2D1CB3A025DD}.Debug|Any CPU.Build.0 = Debug|Any CPU
		{3159AFE4-A291-416A-9965-2D1CB3A025DD}.Debug|x64.ActiveCfg = Debug|Any CPU
		{3159AFE4-A291-416A-9965-2D1CB3A025DD}.Debug|x64.Build.0 = Debug|Any CPU
		{3159AFE4-A291-416A-9965-2D1CB3A025DD}.Debug|x86.ActiveCfg = Debug|Any CPU
		{3159AFE4-A291-416A-9965-2D1CB3A025DD}.Debug|x86.Build.0 = Debug|Any CPU
		{3159AFE4-A291-416A-9965-2D1CB3A025DD}.Release|Any CPU.ActiveCfg = Release|Any CPU
		{3159AFE4-A291-416A-9965-2D1CB3A025DD}.Release|Any CPU.Build.0 = Release|Any CPU
		{3159AFE4-A291-416A-9965-2D1CB3A025DD}.Release|x64.ActiveCfg = Release|Any CPU
		{3159AFE4-A291-416A-9965-2D1CB3A025DD}.Release|x64.Build.0 = Release|Any CPU
		{3159AFE4-A291-416A-9965-2D1CB3A025DD}.Release|x86.ActiveCfg = Release|Any CPU
		{3159AFE4-A291-416A-9965-2D1CB3A025DD}.Release|x86.Build.0 = Release|Any CPU
		{2C182166-22A7-44FF-9FAF-D9C2E14A7C9D}.Debug|Any CPU.ActiveCfg = Debug|Any CPU
		{2C182166-22A7-44FF-9FAF-D9C2E14A7C9D}.Debug|Any CPU.Build.0 = Debug|Any CPU
		{2C182166-22A7-44FF-9FAF-D9C2E14A7C9D}.Debug|x64.ActiveCfg = Debug|Any CPU
		{2C182166-22A7-44FF-9FAF-D9C2E14A7C9D}.Debug|x64.Build.0 = Debug|Any CPU
		{2C182166-22A7-44FF-9FAF-D9C2E14A7C9D}.Debug|x86.ActiveCfg = Debug|Any CPU
		{2C182166-22A7-44FF-9FAF-D9C2E14A7C9D}.Debug|x86.Build.0 = Debug|Any CPU
		{2C182166-22A7-44FF-9FAF-D9C2E14A7C9D}.Release|Any CPU.ActiveCfg = Release|Any CPU
		{2C182166-22A7-44FF-9FAF-D9C2E14A7C9D}.Release|Any CPU.Build.0 = Release|Any CPU
		{2C182166-22A7-44FF-9FAF-D9C2E14A7C9D}.Release|x64.ActiveCfg = Release|Any CPU
		{2C182166-22A7-44FF-9FAF-D9C2E14A7C9D}.Release|x64.Build.0 = Release|Any CPU
		{2C182166-22A7-44FF-9FAF-D9C2E14A7C9D}.Release|x86.ActiveCfg = Release|Any CPU
		{2C182166-22A7-44FF-9FAF-D9C2E14A7C9D}.Release|x86.Build.0 = Release|Any CPU
	EndGlobalSection
	GlobalSection(SolutionProperties) = preSolution
		HideSolutionNode = FALSE
	EndGlobalSection
	GlobalSection(NestedProjects) = preSolution
		{90DACE61-9CED-4089-B0F4-1687FDE9178F} = {827E0CD3-B72D-47B6-A68D-7590B98EB39B}
		{BF854D85-7569-4139-8B92-27D654BF056B} = {827E0CD3-B72D-47B6-A68D-7590B98EB39B}
		{079B2B22-A439-4923-A92B-52924C8CBC7D} = {827E0CD3-B72D-47B6-A68D-7590B98EB39B}
		{3159AFE4-A291-416A-9965-2D1CB3A025DD} = {827E0CD3-B72D-47B6-A68D-7590B98EB39B}
		{2C182166-22A7-44FF-9FAF-D9C2E14A7C9D} = {0AB3BF05-4346-4AA6-1389-037BE0695223}
	EndGlobalSection
EndGlobal
